
Microsoft Visual Studio Solution File, Format Version 12.00
# Visual Studio Version 17
VisualStudioVersion = 17.5.002.0
MinimumVisualStudioVersion = 10.0.40219.1
Project("{2150E333-8FDC-42A3-9474-1A3956D46DE8}") = "Elisa", "Elisa", "{6425A9A0-5579-40BF-BB3C-AEBC68B99946}"
EndProject
Project("{2150E333-8FDC-42A3-9474-1A3956D46DE8}") = "U21_3935", "U21_3935", "{C7AF8834-95DB-4C10-90A2-40D1B31CD94E}"
EndProject
Project("{9A19103F-16F7-4668-BE54-9A1E7A4F7556}") = "21_nov", "Elisa\U21_3935\21_nov\21_nov.csproj", "{CF9AB0FD-F658-48F8-B9B8-FFB5898E9FDC}"
EndProject
Project("{2150E333-8FDC-42A3-9474-1A3956D46DE8}") = "Nuno", "Nuno", "{1A120A5E-EDED-4841-8223-B4BCB827D5C0}"
EndProject
Project("{2150E333-8FDC-42A3-9474-1A3956D46DE8}") = "U21_3935", "U21_3935", "{2D8BDC0C-E44B-46FF-BAB1-F70CCF7D801A}"
EndProject
Project("{9A19103F-16F7-4668-BE54-9A1E7A4F7556}") = "2024_11_21", "Nuno\U21_3935\2024_11_21\2024_11_21.csproj", "{16F6EEC5-3DE7-4344-9943-6409A1FE9106}"
EndProject
Project("{9A19103F-16F7-4668-BE54-9A1E7A4F7556}") = "First_Prog", "Nuno\U21_3935\First_Prog\First_Prog.csproj", "{BB723F60-5F38-4209-890B-ABF620B95A10}"
EndProject
Project("{9A19103F-16F7-4668-BE54-9A1E7A4F7556}") = "SimpleCalc", "Nuno\U21_3935\SimpleCalc\SimpleCalc.csproj", "{B63B4249-0E57-4AA8-85F2-0A7B427CCC92}"
EndProject
Project("{2150E333-8FDC-42A3-9474-1A3956D46DE8}") = "Samyra", "Samyra", "{00B587F1-AD11-4FAA-8310-765841203FA0}"
EndProject
Project("{2150E333-8FDC-42A3-9474-1A3956D46DE8}") = "U21_3935", "U21_3935", "{D62668BB-A214-4B9A-B19E-4CD998A077B4}"
EndProject
Project("{9A19103F-16F7-4668-BE54-9A1E7A4F7556}") = "20nov", "Samyra\U21_3935\20nov\20nov.csproj", "{86CB75D9-CA4A-4D9C-A483-CF577C6C7FA5}"
EndProject
Project("{9A19103F-16F7-4668-BE54-9A1E7A4F7556}") = "Tipos dados", "Samyra\U21_3935\21nov\Tipos dados.csproj", "{9EC7FCC3-17AE-4438-B89D-AE1DAFBF206C}"
EndProject
Project("{2150E333-8FDC-42A3-9474-1A3956D46DE8}") = "Stefanie", "Stefanie", "{BB845A02-F5FC-4DD8-8EBB-D162A1528B34}"
EndProject
Project("{2150E333-8FDC-42A3-9474-1A3956D46DE8}") = "U21_3935", "U21_3935", "{F7FA9549-8CBF-40CE-B93D-1FB8A0F2F7C6}"
EndProject
Project("{9A19103F-16F7-4668-BE54-9A1E7A4F7556}") = "aula_21_11_ex2", "Stefanie\U21_3935\aula_21_11_ex2\aula_21_11_ex2.csproj", "{348B3A1C-49B4-4C73-9317-26248DAE5BE8}"
EndProject
Project("{9A19103F-16F7-4668-BE54-9A1E7A4F7556}") = "aula_exer_21_11", "Stefanie\U21_3935\aula_exer_21_11\aula_exer_21_11.csproj", "{4D0067AD-A5C1-4AC1-A382-C963FBDA4FFB}"
EndProject
Project("{9A19103F-16F7-4668-BE54-9A1E7A4F7556}") = "dataAutor", "Stefanie\U21_3935\dataAutor\dataAutor.csproj", "{09AEA80D-DFA5-4ED5-8609-E324207AEB5C}"
EndProject
Project("{9A19103F-16F7-4668-BE54-9A1E7A4F7556}") = "MatchingGame", "Stefanie\U21_3935\MatchingGame\MatchingGame.csproj", "{2F48CA08-07EF-4DA0-B4B0-C9751A591D0E}"
EndProject
Project("{9A19103F-16F7-4668-BE54-9A1E7A4F7556}") = "Picture_Viewer1", "Stefanie\U21_3935\Picture_Viewer1\Picture_Viewer1.csproj", "{6FCAD1B6-57AE-43F8-8F26-5630876B9564}"
EndProject
Project("{2150E333-8FDC-42A3-9474-1A3956D46DE8}") = "Andre", "Andre", "{C7B9601C-D6DC-4139-B8BB-BDD28F4020B7}"
EndProject
Project("{2150E333-8FDC-42A3-9474-1A3956D46DE8}") = "U21_3935", "U21_3935", "{656E4CB7-90D8-43F7-9066-F5F9A9B428F7}"
EndProject
Project("{2150E333-8FDC-42A3-9474-1A3956D46DE8}") = "aula_2024_11_20", "aula_2024_11_20", "{46C5530C-15FC-4FF9-B9B3-07E1BC102770}"
EndProject
Project("{9A19103F-16F7-4668-BE54-9A1E7A4F7556}") = "calculadora_APR", "Andre\U21_3935\aula_2024_11_20\Calculadora_APR\calculadora_APR.csproj", "{F3D7C717-64E6-4BBE-A356-6BEDE6C1791C}"
EndProject
Project("{9A19103F-16F7-4668-BE54-9A1E7A4F7556}") = "PrimProgCS_APR", "Andre\U21_3935\aula_2024_11_20\PrimProgCS_APR\PrimProgCS_APR.csproj", "{11A33510-9846-4AA2-952C-60C435CC0CF7}"
EndProject
Project("{2150E333-8FDC-42A3-9474-1A3956D46DE8}") = "aula_2024_11_21", "aula_2024_11_21", "{F10DA461-3E51-4908-B550-23148A51CEF6}"
EndProject
Project("{9A19103F-16F7-4668-BE54-9A1E7A4F7556}") = "palindromo_APR", "Andre\U21_3935\aula_2024_11_21\palindromo_APR\palindromo_APR.csproj", "{AFC29CBC-CA8A-4750-B0E0-316EE201C3CD}"
EndProject
Project("{9A19103F-16F7-4668-BE54-9A1E7A4F7556}") = "soma_digitos_APR", "Andre\U21_3935\aula_2024_11_21\soma_digitos_APR\soma_digitos_APR.csproj", "{270DB665-A2B1-4BFC-A86C-F455F44D2E85}"
EndProject
Project("{9A19103F-16F7-4668-BE54-9A1E7A4F7556}") = "type_size_APR", "Andre\U21_3935\aula_2024_11_21\type_size_APR\type_size_APR.csproj", "{A72EA967-558F-4BBF-A322-AC6532A4AEFB}"
EndProject
Project("{2150E333-8FDC-42A3-9474-1A3956D46DE8}") = "aula_2024_11_28", "aula_2024_11_28", "{240BB973-CB62-4C4C-81AA-F17745E220CA}"
EndProject
Project("{9A19103F-16F7-4668-BE54-9A1E7A4F7556}") = "Prim_proj_WF_APR", "Andre\U21_3935\aula_2024_11_28\Prim_proj_WF_APR\Prim_proj_WF_APR.csproj", "{73F8B9C7-D38F-4D7A-B1B9-6963A6AB92DA}"
EndProject
Project("{2150E333-8FDC-42A3-9474-1A3956D46DE8}") = "aula_2024_12_03", "aula_2024_12_03", "{28B4D88D-6CC7-4C64-B52D-C65C39302A52}"
EndProject
Project("{9A19103F-16F7-4668-BE54-9A1E7A4F7556}") = "primeiro_prog_APR", "Andre\U21_3935\aula_2024_12_03\primeiro_prog_APR\primeiro_prog_APR.csproj", "{CD8312CA-A8B1-4287-B894-E6ACC2AC146A}"
EndProject
Project("{2150E333-8FDC-42A3-9474-1A3956D46DE8}") = "aula_2024_12_04", "aula_2024_12_04", "{48E7C4A4-5579-42B4-B114-CD49E6D9B87C}"
EndProject
Project("{9A19103F-16F7-4668-BE54-9A1E7A4F7556}") = "Calculadora", "Andre\U21_3935\aula_2024_12_04\Calculadora\Calculadora.csproj", "{FB85B4D4-3C11-403C-9276-AB9450775AB7}"
EndProject
Project("{2150E333-8FDC-42A3-9474-1A3956D46DE8}") = "aula_2024_12_05", "aula_2024_12_05", "{13F6404A-48AE-4615-8332-BDC6282D8FD6}"
EndProject
Project("{9A19103F-16F7-4668-BE54-9A1E7A4F7556}") = "Calculadora", "Andre\U21_3935\aula_2024_12_05\Calculadora\Calculadora.csproj", "{C66CD478-542D-4198-B4DA-EE6CF7667EBB}"
EndProject
Project("{9A19103F-16F7-4668-BE54-9A1E7A4F7556}") = "MatchingGame", "Andre\U21_3935\aula_2024_12_05\MatchingGame\MatchingGame.csproj", "{DC557DC7-679B-4F6D-9895-2F11E04C817F}"
EndProject
Project("{9A19103F-16F7-4668-BE54-9A1E7A4F7556}") = "PictureViewer", "Andre\U21_3935\aula_2024_12_05\PictureViewer\PictureViewer.csproj", "{D323732C-23CD-4269-A342-D86AD250C4BC}"
EndProject
Project("{9A19103F-16F7-4668-BE54-9A1E7A4F7556}") = "Quizz", "Andre\U21_3935\aula_2024_12_05\Quizz\Quizz.csproj", "{AF6A1AD6-B966-4B90-BB8C-065E9A0E5D12}"
EndProject
Project("{2150E333-8FDC-42A3-9474-1A3956D46DE8}") = "SWD4CS", "SWD4CS", "{D4E53DBB-7167-4416-B167-3D570CCF1C1F}"
EndProject
Project("{9A19103F-16F7-4668-BE54-9A1E7A4F7556}") = "SWD4CS", "Andre\U21_3935\SWD4CS\SWD4CS-main\SWD4CS.csproj", "{BFA62961-4CD8-4E20-8C47-49370A54C169}"
EndProject
Project("{2150E333-8FDC-42A3-9474-1A3956D46DE8}") = "EstruturaDeControlo", "EstruturaDeControlo", "{EFD21F0C-93C6-4860-8A2E-F33CDE423B35}"
EndProject
Project("{9A19103F-16F7-4668-BE54-9A1E7A4F7556}") = "EstruturaDeControlo", "Nuno\U21_3935\EstruturaDeControlo\EstruturaDeControlo\EstruturaDeControlo.csproj", "{E8E6A8F8-A0A7-4632-A8CE-5BDD9927A5F7}"
EndProject
Project("{2150E333-8FDC-42A3-9474-1A3956D46DE8}") = "ExWF01", "ExWF01", "{D296FAE4-96F9-4D16-ABDF-D2F13A948231}"
EndProject
Project("{9A19103F-16F7-4668-BE54-9A1E7A4F7556}") = "ExWF01", "Nuno\U21_3935\ExWF01\ExWF01\ExWF01.csproj", "{3EAA889D-B071-4671-8A34-9A2937467EE8}"
EndProject
Project("{2150E333-8FDC-42A3-9474-1A3956D46DE8}") = "MatchingGame", "MatchingGame", "{C45C0B50-3EA2-46E2-AA65-CB7E589523B1}"
EndProject
Project("{9A19103F-16F7-4668-BE54-9A1E7A4F7556}") = "MatchingGame", "Nuno\U21_3935\MatchingGame\MatchingGame\MatchingGame.csproj", "{954BA986-1410-429D-A690-001276A2E279}"
EndProject
Project("{2150E333-8FDC-42A3-9474-1A3956D46DE8}") = "PalindromeProgram", "PalindromeProgram", "{6E8EEF71-DC47-41F0-801B-43B47D576D6F}"
EndProject
Project("{9A19103F-16F7-4668-BE54-9A1E7A4F7556}") = "PalindromeProgram", "Nuno\U21_3935\PalindromeProgram\PalindromeProgram\PalindromeProgram.csproj", "{CF688FB3-D3C6-4207-A20A-449260C5C2B5}"
EndProject
Project("{2150E333-8FDC-42A3-9474-1A3956D46DE8}") = "PictureViewer", "PictureViewer", "{ED975510-BCF1-4908-A9C4-45E83534EE52}"
EndProject
Project("{9A19103F-16F7-4668-BE54-9A1E7A4F7556}") = "PictureViewer", "Nuno\U21_3935\PictureViewer\PictureViewer\PictureViewer.csproj", "{2387F86C-322A-440B-8B1C-C59E4F1BCB76}"
EndProject
Project("{2150E333-8FDC-42A3-9474-1A3956D46DE8}") = "tryParse", "tryParse", "{8B001E47-EDCB-4F3B-951F-1926DE09BF98}"
EndProject
Project("{9A19103F-16F7-4668-BE54-9A1E7A4F7556}") = "tryParse", "Nuno\U21_3935\tryParse\tryParse\tryParse.csproj", "{B274E93F-CF93-4699-82C9-8AB415C11AB0}"
EndProject
Project("{2150E333-8FDC-42A3-9474-1A3956D46DE8}") = "Ricardo", "Ricardo", "{DBDB3290-7C7D-4E4F-9120-B6329DB46A0E}"
EndProject
Project("{2150E333-8FDC-42A3-9474-1A3956D46DE8}") = "U21_3935", "U21_3935", "{47DAE0BE-CE1F-496B-8B44-895F4ECA2406}"
EndProject
Project("{2150E333-8FDC-42A3-9474-1A3956D46DE8}") = "2024-12-05_MathingGame", "2024-12-05_MathingGame", "{E3E90799-6E51-44EE-9698-53979E5CD7C9}"
EndProject
Project("{9A19103F-16F7-4668-BE54-9A1E7A4F7556}") = "MatchingGame", "Ricardo\U21_3935\2024-12-05_MathingGame\MatchingGame\MatchingGame.csproj", "{55268717-6112-450E-8D75-E05978D472FA}"
EndProject
Global
	GlobalSection(SolutionConfigurationPlatforms) = preSolution
		Debug|Any CPU = Debug|Any CPU
		Release|Any CPU = Release|Any CPU
	EndGlobalSection
	GlobalSection(ProjectConfigurationPlatforms) = postSolution
		{CF9AB0FD-F658-48F8-B9B8-FFB5898E9FDC}.Debug|Any CPU.ActiveCfg = Debug|Any CPU
		{CF9AB0FD-F658-48F8-B9B8-FFB5898E9FDC}.Debug|Any CPU.Build.0 = Debug|Any CPU
		{CF9AB0FD-F658-48F8-B9B8-FFB5898E9FDC}.Release|Any CPU.ActiveCfg = Release|Any CPU
		{CF9AB0FD-F658-48F8-B9B8-FFB5898E9FDC}.Release|Any CPU.Build.0 = Release|Any CPU
		{16F6EEC5-3DE7-4344-9943-6409A1FE9106}.Debug|Any CPU.ActiveCfg = Debug|Any CPU
		{16F6EEC5-3DE7-4344-9943-6409A1FE9106}.Debug|Any CPU.Build.0 = Debug|Any CPU
		{16F6EEC5-3DE7-4344-9943-6409A1FE9106}.Release|Any CPU.ActiveCfg = Release|Any CPU
		{16F6EEC5-3DE7-4344-9943-6409A1FE9106}.Release|Any CPU.Build.0 = Release|Any CPU
		{BB723F60-5F38-4209-890B-ABF620B95A10}.Debug|Any CPU.ActiveCfg = Debug|Any CPU
		{BB723F60-5F38-4209-890B-ABF620B95A10}.Debug|Any CPU.Build.0 = Debug|Any CPU
		{BB723F60-5F38-4209-890B-ABF620B95A10}.Release|Any CPU.ActiveCfg = Release|Any CPU
		{BB723F60-5F38-4209-890B-ABF620B95A10}.Release|Any CPU.Build.0 = Release|Any CPU
		{B63B4249-0E57-4AA8-85F2-0A7B427CCC92}.Debug|Any CPU.ActiveCfg = Debug|Any CPU
		{B63B4249-0E57-4AA8-85F2-0A7B427CCC92}.Debug|Any CPU.Build.0 = Debug|Any CPU
		{B63B4249-0E57-4AA8-85F2-0A7B427CCC92}.Release|Any CPU.ActiveCfg = Release|Any CPU
		{B63B4249-0E57-4AA8-85F2-0A7B427CCC92}.Release|Any CPU.Build.0 = Release|Any CPU
		{86CB75D9-CA4A-4D9C-A483-CF577C6C7FA5}.Debug|Any CPU.ActiveCfg = Debug|Any CPU
		{86CB75D9-CA4A-4D9C-A483-CF577C6C7FA5}.Debug|Any CPU.Build.0 = Debug|Any CPU
		{86CB75D9-CA4A-4D9C-A483-CF577C6C7FA5}.Release|Any CPU.ActiveCfg = Release|Any CPU
		{86CB75D9-CA4A-4D9C-A483-CF577C6C7FA5}.Release|Any CPU.Build.0 = Release|Any CPU
		{9EC7FCC3-17AE-4438-B89D-AE1DAFBF206C}.Debug|Any CPU.ActiveCfg = Debug|Any CPU
		{9EC7FCC3-17AE-4438-B89D-AE1DAFBF206C}.Debug|Any CPU.Build.0 = Debug|Any CPU
		{9EC7FCC3-17AE-4438-B89D-AE1DAFBF206C}.Release|Any CPU.ActiveCfg = Release|Any CPU
		{9EC7FCC3-17AE-4438-B89D-AE1DAFBF206C}.Release|Any CPU.Build.0 = Release|Any CPU
		{348B3A1C-49B4-4C73-9317-26248DAE5BE8}.Debug|Any CPU.ActiveCfg = Debug|Any CPU
		{348B3A1C-49B4-4C73-9317-26248DAE5BE8}.Debug|Any CPU.Build.0 = Debug|Any CPU
		{348B3A1C-49B4-4C73-9317-26248DAE5BE8}.Release|Any CPU.ActiveCfg = Release|Any CPU
		{348B3A1C-49B4-4C73-9317-26248DAE5BE8}.Release|Any CPU.Build.0 = Release|Any CPU
		{4D0067AD-A5C1-4AC1-A382-C963FBDA4FFB}.Debug|Any CPU.ActiveCfg = Debug|Any CPU
		{4D0067AD-A5C1-4AC1-A382-C963FBDA4FFB}.Debug|Any CPU.Build.0 = Debug|Any CPU
		{4D0067AD-A5C1-4AC1-A382-C963FBDA4FFB}.Release|Any CPU.ActiveCfg = Release|Any CPU
		{4D0067AD-A5C1-4AC1-A382-C963FBDA4FFB}.Release|Any CPU.Build.0 = Release|Any CPU
		{09AEA80D-DFA5-4ED5-8609-E324207AEB5C}.Debug|Any CPU.ActiveCfg = Debug|Any CPU
		{09AEA80D-DFA5-4ED5-8609-E324207AEB5C}.Debug|Any CPU.Build.0 = Debug|Any CPU
		{09AEA80D-DFA5-4ED5-8609-E324207AEB5C}.Release|Any CPU.ActiveCfg = Release|Any CPU
		{09AEA80D-DFA5-4ED5-8609-E324207AEB5C}.Release|Any CPU.Build.0 = Release|Any CPU
		{2F48CA08-07EF-4DA0-B4B0-C9751A591D0E}.Debug|Any CPU.ActiveCfg = Debug|Any CPU
		{2F48CA08-07EF-4DA0-B4B0-C9751A591D0E}.Debug|Any CPU.Build.0 = Debug|Any CPU
		{2F48CA08-07EF-4DA0-B4B0-C9751A591D0E}.Release|Any CPU.ActiveCfg = Release|Any CPU
		{2F48CA08-07EF-4DA0-B4B0-C9751A591D0E}.Release|Any CPU.Build.0 = Release|Any CPU
		{6FCAD1B6-57AE-43F8-8F26-5630876B9564}.Debug|Any CPU.ActiveCfg = Debug|Any CPU
		{6FCAD1B6-57AE-43F8-8F26-5630876B9564}.Debug|Any CPU.Build.0 = Debug|Any CPU
		{6FCAD1B6-57AE-43F8-8F26-5630876B9564}.Release|Any CPU.ActiveCfg = Release|Any CPU
		{6FCAD1B6-57AE-43F8-8F26-5630876B9564}.Release|Any CPU.Build.0 = Release|Any CPU
		{F3D7C717-64E6-4BBE-A356-6BEDE6C1791C}.Debug|Any CPU.ActiveCfg = Debug|Any CPU
		{F3D7C717-64E6-4BBE-A356-6BEDE6C1791C}.Debug|Any CPU.Build.0 = Debug|Any CPU
		{F3D7C717-64E6-4BBE-A356-6BEDE6C1791C}.Release|Any CPU.ActiveCfg = Release|Any CPU
		{F3D7C717-64E6-4BBE-A356-6BEDE6C1791C}.Release|Any CPU.Build.0 = Release|Any CPU
		{11A33510-9846-4AA2-952C-60C435CC0CF7}.Debug|Any CPU.ActiveCfg = Debug|Any CPU
		{11A33510-9846-4AA2-952C-60C435CC0CF7}.Debug|Any CPU.Build.0 = Debug|Any CPU
		{11A33510-9846-4AA2-952C-60C435CC0CF7}.Release|Any CPU.ActiveCfg = Release|Any CPU
		{11A33510-9846-4AA2-952C-60C435CC0CF7}.Release|Any CPU.Build.0 = Release|Any CPU
		{AFC29CBC-CA8A-4750-B0E0-316EE201C3CD}.Debug|Any CPU.ActiveCfg = Debug|Any CPU
		{AFC29CBC-CA8A-4750-B0E0-316EE201C3CD}.Debug|Any CPU.Build.0 = Debug|Any CPU
		{AFC29CBC-CA8A-4750-B0E0-316EE201C3CD}.Release|Any CPU.ActiveCfg = Release|Any CPU
		{AFC29CBC-CA8A-4750-B0E0-316EE201C3CD}.Release|Any CPU.Build.0 = Release|Any CPU
		{270DB665-A2B1-4BFC-A86C-F455F44D2E85}.Debug|Any CPU.ActiveCfg = Debug|Any CPU
		{270DB665-A2B1-4BFC-A86C-F455F44D2E85}.Debug|Any CPU.Build.0 = Debug|Any CPU
		{270DB665-A2B1-4BFC-A86C-F455F44D2E85}.Release|Any CPU.ActiveCfg = Release|Any CPU
		{270DB665-A2B1-4BFC-A86C-F455F44D2E85}.Release|Any CPU.Build.0 = Release|Any CPU
		{A72EA967-558F-4BBF-A322-AC6532A4AEFB}.Debug|Any CPU.ActiveCfg = Debug|Any CPU
		{A72EA967-558F-4BBF-A322-AC6532A4AEFB}.Debug|Any CPU.Build.0 = Debug|Any CPU
		{A72EA967-558F-4BBF-A322-AC6532A4AEFB}.Release|Any CPU.ActiveCfg = Release|Any CPU
		{A72EA967-558F-4BBF-A322-AC6532A4AEFB}.Release|Any CPU.Build.0 = Release|Any CPU
		{73F8B9C7-D38F-4D7A-B1B9-6963A6AB92DA}.Debug|Any CPU.ActiveCfg = Debug|Any CPU
		{73F8B9C7-D38F-4D7A-B1B9-6963A6AB92DA}.Debug|Any CPU.Build.0 = Debug|Any CPU
		{73F8B9C7-D38F-4D7A-B1B9-6963A6AB92DA}.Release|Any CPU.ActiveCfg = Release|Any CPU
		{73F8B9C7-D38F-4D7A-B1B9-6963A6AB92DA}.Release|Any CPU.Build.0 = Release|Any CPU
		{CD8312CA-A8B1-4287-B894-E6ACC2AC146A}.Debug|Any CPU.ActiveCfg = Debug|Any CPU
		{CD8312CA-A8B1-4287-B894-E6ACC2AC146A}.Debug|Any CPU.Build.0 = Debug|Any CPU
		{CD8312CA-A8B1-4287-B894-E6ACC2AC146A}.Release|Any CPU.ActiveCfg = Release|Any CPU
		{CD8312CA-A8B1-4287-B894-E6ACC2AC146A}.Release|Any CPU.Build.0 = Release|Any CPU
		{FB85B4D4-3C11-403C-9276-AB9450775AB7}.Debug|Any CPU.ActiveCfg = Debug|Any CPU
		{FB85B4D4-3C11-403C-9276-AB9450775AB7}.Debug|Any CPU.Build.0 = Debug|Any CPU
		{FB85B4D4-3C11-403C-9276-AB9450775AB7}.Release|Any CPU.ActiveCfg = Release|Any CPU
		{FB85B4D4-3C11-403C-9276-AB9450775AB7}.Release|Any CPU.Build.0 = Release|Any CPU
		{C66CD478-542D-4198-B4DA-EE6CF7667EBB}.Debug|Any CPU.ActiveCfg = Debug|Any CPU
		{C66CD478-542D-4198-B4DA-EE6CF7667EBB}.Debug|Any CPU.Build.0 = Debug|Any CPU
		{C66CD478-542D-4198-B4DA-EE6CF7667EBB}.Release|Any CPU.ActiveCfg = Release|Any CPU
		{C66CD478-542D-4198-B4DA-EE6CF7667EBB}.Release|Any CPU.Build.0 = Release|Any CPU
		{DC557DC7-679B-4F6D-9895-2F11E04C817F}.Debug|Any CPU.ActiveCfg = Debug|Any CPU
		{DC557DC7-679B-4F6D-9895-2F11E04C817F}.Debug|Any CPU.Build.0 = Debug|Any CPU
		{DC557DC7-679B-4F6D-9895-2F11E04C817F}.Release|Any CPU.ActiveCfg = Release|Any CPU
		{DC557DC7-679B-4F6D-9895-2F11E04C817F}.Release|Any CPU.Build.0 = Release|Any CPU
		{D323732C-23CD-4269-A342-D86AD250C4BC}.Debug|Any CPU.ActiveCfg = Debug|Any CPU
		{D323732C-23CD-4269-A342-D86AD250C4BC}.Debug|Any CPU.Build.0 = Debug|Any CPU
		{D323732C-23CD-4269-A342-D86AD250C4BC}.Release|Any CPU.ActiveCfg = Release|Any CPU
		{D323732C-23CD-4269-A342-D86AD250C4BC}.Release|Any CPU.Build.0 = Release|Any CPU
		{AF6A1AD6-B966-4B90-BB8C-065E9A0E5D12}.Debug|Any CPU.ActiveCfg = Debug|Any CPU
		{AF6A1AD6-B966-4B90-BB8C-065E9A0E5D12}.Debug|Any CPU.Build.0 = Debug|Any CPU
		{AF6A1AD6-B966-4B90-BB8C-065E9A0E5D12}.Release|Any CPU.ActiveCfg = Release|Any CPU
		{AF6A1AD6-B966-4B90-BB8C-065E9A0E5D12}.Release|Any CPU.Build.0 = Release|Any CPU
		{BFA62961-4CD8-4E20-8C47-49370A54C169}.Debug|Any CPU.ActiveCfg = Debug|Any CPU
		{BFA62961-4CD8-4E20-8C47-49370A54C169}.Debug|Any CPU.Build.0 = Debug|Any CPU
		{BFA62961-4CD8-4E20-8C47-49370A54C169}.Release|Any CPU.ActiveCfg = Release|Any CPU
		{BFA62961-4CD8-4E20-8C47-49370A54C169}.Release|Any CPU.Build.0 = Release|Any CPU
		{E8E6A8F8-A0A7-4632-A8CE-5BDD9927A5F7}.Debug|Any CPU.ActiveCfg = Debug|Any CPU
		{E8E6A8F8-A0A7-4632-A8CE-5BDD9927A5F7}.Debug|Any CPU.Build.0 = Debug|Any CPU
		{E8E6A8F8-A0A7-4632-A8CE-5BDD9927A5F7}.Release|Any CPU.ActiveCfg = Release|Any CPU
		{E8E6A8F8-A0A7-4632-A8CE-5BDD9927A5F7}.Release|Any CPU.Build.0 = Release|Any CPU
		{3EAA889D-B071-4671-8A34-9A2937467EE8}.Debug|Any CPU.ActiveCfg = Debug|Any CPU
		{3EAA889D-B071-4671-8A34-9A2937467EE8}.Debug|Any CPU.Build.0 = Debug|Any CPU
		{3EAA889D-B071-4671-8A34-9A2937467EE8}.Release|Any CPU.ActiveCfg = Release|Any CPU
		{3EAA889D-B071-4671-8A34-9A2937467EE8}.Release|Any CPU.Build.0 = Release|Any CPU
		{954BA986-1410-429D-A690-001276A2E279}.Debug|Any CPU.ActiveCfg = Debug|Any CPU
		{954BA986-1410-429D-A690-001276A2E279}.Debug|Any CPU.Build.0 = Debug|Any CPU
		{954BA986-1410-429D-A690-001276A2E279}.Release|Any CPU.ActiveCfg = Release|Any CPU
		{954BA986-1410-429D-A690-001276A2E279}.Release|Any CPU.Build.0 = Release|Any CPU
		{CF688FB3-D3C6-4207-A20A-449260C5C2B5}.Debug|Any CPU.ActiveCfg = Debug|Any CPU
		{CF688FB3-D3C6-4207-A20A-449260C5C2B5}.Debug|Any CPU.Build.0 = Debug|Any CPU
		{CF688FB3-D3C6-4207-A20A-449260C5C2B5}.Release|Any CPU.ActiveCfg = Release|Any CPU
		{CF688FB3-D3C6-4207-A20A-449260C5C2B5}.Release|Any CPU.Build.0 = Release|Any CPU
		{2387F86C-322A-440B-8B1C-C59E4F1BCB76}.Debug|Any CPU.ActiveCfg = Debug|Any CPU
		{2387F86C-322A-440B-8B1C-C59E4F1BCB76}.Debug|Any CPU.Build.0 = Debug|Any CPU
		{2387F86C-322A-440B-8B1C-C59E4F1BCB76}.Release|Any CPU.ActiveCfg = Release|Any CPU
		{2387F86C-322A-440B-8B1C-C59E4F1BCB76}.Release|Any CPU.Build.0 = Release|Any CPU
		{B274E93F-CF93-4699-82C9-8AB415C11AB0}.Debug|Any CPU.ActiveCfg = Debug|Any CPU
		{B274E93F-CF93-4699-82C9-8AB415C11AB0}.Debug|Any CPU.Build.0 = Debug|Any CPU
		{B274E93F-CF93-4699-82C9-8AB415C11AB0}.Release|Any CPU.ActiveCfg = Release|Any CPU
		{B274E93F-CF93-4699-82C9-8AB415C11AB0}.Release|Any CPU.Build.0 = Release|Any CPU
		{55268717-6112-450E-8D75-E05978D472FA}.Debug|Any CPU.ActiveCfg = Debug|Any CPU
		{55268717-6112-450E-8D75-E05978D472FA}.Debug|Any CPU.Build.0 = Debug|Any CPU
		{55268717-6112-450E-8D75-E05978D472FA}.Release|Any CPU.ActiveCfg = Release|Any CPU
		{55268717-6112-450E-8D75-E05978D472FA}.Release|Any CPU.Build.0 = Release|Any CPU
	EndGlobalSection
	GlobalSection(SolutionProperties) = preSolution
		HideSolutionNode = FALSE
	EndGlobalSection
	GlobalSection(NestedProjects) = preSolution
		{C7AF8834-95DB-4C10-90A2-40D1B31CD94E} = {6425A9A0-5579-40BF-BB3C-AEBC68B99946}
		{CF9AB0FD-F658-48F8-B9B8-FFB5898E9FDC} = {C7AF8834-95DB-4C10-90A2-40D1B31CD94E}
		{2D8BDC0C-E44B-46FF-BAB1-F70CCF7D801A} = {1A120A5E-EDED-4841-8223-B4BCB827D5C0}
		{16F6EEC5-3DE7-4344-9943-6409A1FE9106} = {2D8BDC0C-E44B-46FF-BAB1-F70CCF7D801A}
		{BB723F60-5F38-4209-890B-ABF620B95A10} = {2D8BDC0C-E44B-46FF-BAB1-F70CCF7D801A}
		{B63B4249-0E57-4AA8-85F2-0A7B427CCC92} = {2D8BDC0C-E44B-46FF-BAB1-F70CCF7D801A}
		{D62668BB-A214-4B9A-B19E-4CD998A077B4} = {00B587F1-AD11-4FAA-8310-765841203FA0}
		{86CB75D9-CA4A-4D9C-A483-CF577C6C7FA5} = {D62668BB-A214-4B9A-B19E-4CD998A077B4}
		{9EC7FCC3-17AE-4438-B89D-AE1DAFBF206C} = {D62668BB-A214-4B9A-B19E-4CD998A077B4}
		{F7FA9549-8CBF-40CE-B93D-1FB8A0F2F7C6} = {BB845A02-F5FC-4DD8-8EBB-D162A1528B34}
		{348B3A1C-49B4-4C73-9317-26248DAE5BE8} = {F7FA9549-8CBF-40CE-B93D-1FB8A0F2F7C6}
		{4D0067AD-A5C1-4AC1-A382-C963FBDA4FFB} = {F7FA9549-8CBF-40CE-B93D-1FB8A0F2F7C6}
		{09AEA80D-DFA5-4ED5-8609-E324207AEB5C} = {F7FA9549-8CBF-40CE-B93D-1FB8A0F2F7C6}
		{2F48CA08-07EF-4DA0-B4B0-C9751A591D0E} = {F7FA9549-8CBF-40CE-B93D-1FB8A0F2F7C6}
		{6FCAD1B6-57AE-43F8-8F26-5630876B9564} = {F7FA9549-8CBF-40CE-B93D-1FB8A0F2F7C6}
		{656E4CB7-90D8-43F7-9066-F5F9A9B428F7} = {C7B9601C-D6DC-4139-B8BB-BDD28F4020B7}
		{46C5530C-15FC-4FF9-B9B3-07E1BC102770} = {656E4CB7-90D8-43F7-9066-F5F9A9B428F7}
		{F3D7C717-64E6-4BBE-A356-6BEDE6C1791C} = {46C5530C-15FC-4FF9-B9B3-07E1BC102770}
		{11A33510-9846-4AA2-952C-60C435CC0CF7} = {46C5530C-15FC-4FF9-B9B3-07E1BC102770}
		{F10DA461-3E51-4908-B550-23148A51CEF6} = {656E4CB7-90D8-43F7-9066-F5F9A9B428F7}
		{AFC29CBC-CA8A-4750-B0E0-316EE201C3CD} = {F10DA461-3E51-4908-B550-23148A51CEF6}
		{270DB665-A2B1-4BFC-A86C-F455F44D2E85} = {F10DA461-3E51-4908-B550-23148A51CEF6}
		{A72EA967-558F-4BBF-A322-AC6532A4AEFB} = {F10DA461-3E51-4908-B550-23148A51CEF6}
		{240BB973-CB62-4C4C-81AA-F17745E220CA} = {656E4CB7-90D8-43F7-9066-F5F9A9B428F7}
		{73F8B9C7-D38F-4D7A-B1B9-6963A6AB92DA} = {240BB973-CB62-4C4C-81AA-F17745E220CA}
		{28B4D88D-6CC7-4C64-B52D-C65C39302A52} = {656E4CB7-90D8-43F7-9066-F5F9A9B428F7}
		{CD8312CA-A8B1-4287-B894-E6ACC2AC146A} = {28B4D88D-6CC7-4C64-B52D-C65C39302A52}
		{48E7C4A4-5579-42B4-B114-CD49E6D9B87C} = {656E4CB7-90D8-43F7-9066-F5F9A9B428F7}
		{FB85B4D4-3C11-403C-9276-AB9450775AB7} = {48E7C4A4-5579-42B4-B114-CD49E6D9B87C}
		{13F6404A-48AE-4615-8332-BDC6282D8FD6} = {656E4CB7-90D8-43F7-9066-F5F9A9B428F7}
		{C66CD478-542D-4198-B4DA-EE6CF7667EBB} = {13F6404A-48AE-4615-8332-BDC6282D8FD6}
		{DC557DC7-679B-4F6D-9895-2F11E04C817F} = {13F6404A-48AE-4615-8332-BDC6282D8FD6}
		{D323732C-23CD-4269-A342-D86AD250C4BC} = {13F6404A-48AE-4615-8332-BDC6282D8FD6}
		{AF6A1AD6-B966-4B90-BB8C-065E9A0E5D12} = {13F6404A-48AE-4615-8332-BDC6282D8FD6}
		{D4E53DBB-7167-4416-B167-3D570CCF1C1F} = {656E4CB7-90D8-43F7-9066-F5F9A9B428F7}
		{BFA62961-4CD8-4E20-8C47-49370A54C169} = {D4E53DBB-7167-4416-B167-3D570CCF1C1F}
		{EFD21F0C-93C6-4860-8A2E-F33CDE423B35} = {2D8BDC0C-E44B-46FF-BAB1-F70CCF7D801A}
		{E8E6A8F8-A0A7-4632-A8CE-5BDD9927A5F7} = {EFD21F0C-93C6-4860-8A2E-F33CDE423B35}
		{D296FAE4-96F9-4D16-ABDF-D2F13A948231} = {2D8BDC0C-E44B-46FF-BAB1-F70CCF7D801A}
		{3EAA889D-B071-4671-8A34-9A2937467EE8} = {D296FAE4-96F9-4D16-ABDF-D2F13A948231}
		{C45C0B50-3EA2-46E2-AA65-CB7E589523B1} = {2D8BDC0C-E44B-46FF-BAB1-F70CCF7D801A}
		{954BA986-1410-429D-A690-001276A2E279} = {C45C0B50-3EA2-46E2-AA65-CB7E589523B1}
		{6E8EEF71-DC47-41F0-801B-43B47D576D6F} = {2D8BDC0C-E44B-46FF-BAB1-F70CCF7D801A}
		{CF688FB3-D3C6-4207-A20A-449260C5C2B5} = {6E8EEF71-DC47-41F0-801B-43B47D576D6F}
		{ED975510-BCF1-4908-A9C4-45E83534EE52} = {2D8BDC0C-E44B-46FF-BAB1-F70CCF7D801A}
		{2387F86C-322A-440B-8B1C-C59E4F1BCB76} = {ED975510-BCF1-4908-A9C4-45E83534EE52}
		{8B001E47-EDCB-4F3B-951F-1926DE09BF98} = {2D8BDC0C-E44B-46FF-BAB1-F70CCF7D801A}
		{B274E93F-CF93-4699-82C9-8AB415C11AB0} = {8B001E47-EDCB-4F3B-951F-1926DE09BF98}
		{47DAE0BE-CE1F-496B-8B44-895F4ECA2406} = {DBDB3290-7C7D-4E4F-9120-B6329DB46A0E}
		{E3E90799-6E51-44EE-9698-53979E5CD7C9} = {47DAE0BE-CE1F-496B-8B44-895F4ECA2406}
		{55268717-6112-450E-8D75-E05978D472FA} = {E3E90799-6E51-44EE-9698-53979E5CD7C9}
	EndGlobalSection
	GlobalSection(ExtensibilityGlobals) = postSolution
		SolutionGuid = {281C2A5F-049E-4C11-A2D9-290D9658EF7C}
	EndGlobalSection
EndGlobal
