
Microsoft Visual Studio Solution File, Format Version 12.00
Project("{FAE04EC0-301F-11D3-BF4B-00C04F79EFBC}") = "aula_exer_21_11", "aula_exer_21_11.csproj", "{EA114D6F-0D71-4269-BB00-5EC310083E88}"
EndProject
Global
	GlobalSection(SolutionConfigurationPlatforms) = preSolution
		Debug|Any CPU = Debug|Any CPU
		Release|Any CPU = Release|Any CPU
	EndGlobalSection
	GlobalSection(ProjectConfigurationPlatforms) = postSolution
		{EA114D6F-0D71-4269-BB00-5EC310083E88}.Debug|Any CPU.ActiveCfg = Debug|Any CPU
		{EA114D6F-0D71-4269-BB00-5EC310083E88}.Debug|Any CPU.Build.0 = Debug|Any CPU
		{EA114D6F-0D71-4269-BB00-5EC310083E88}.Release|Any CPU.ActiveCfg = Release|Any CPU
		{EA114D6F-0D71-4269-BB00-5EC310083E88}.Release|Any CPU.Build.0 = Release|Any CPU
	EndGlobalSection
EndGlobal
