
Microsoft Visual Studio Solution File, Format Version 12.00
Project("{FAE04EC0-301F-11D3-BF4B-00C04F79EFBC}") = "First_Prog", "First_Prog.csproj", "{911A5C0C-F0A4-42BA-B31A-F1AE497E2881}"
EndProject
Global
	GlobalSection(SolutionConfigurationPlatforms) = preSolution
		Debug|Any CPU = Debug|Any CPU
		Release|Any CPU = Release|Any CPU
	EndGlobalSection
	GlobalSection(ProjectConfigurationPlatforms) = postSolution
		{911A5C0C-F0A4-42BA-B31A-F1AE497E2881}.Debug|Any CPU.ActiveCfg = Debug|Any CPU
		{911A5C0C-F0A4-42BA-B31A-F1AE497E2881}.Debug|Any CPU.Build.0 = Debug|Any CPU
		{911A5C0C-F0A4-42BA-B31A-F1AE497E2881}.Release|Any CPU.ActiveCfg = Release|Any CPU
		{911A5C0C-F0A4-42BA-B31A-F1AE497E2881}.Release|Any CPU.Build.0 = Release|Any CPU
	EndGlobalSection
EndGlobal
